
Microsoft Visual Studio Solution File, Format Version 12.00
# Visual Studio Version 16
VisualStudioVersion = 16.0.29230.47
MinimumVisualStudioVersion = 10.0.40219.1
Project("{8BC9CEB8-8B4A-11D0-8D11-00A0C91BC942}") = "pr14", "pr14\pr14.vcxproj", "{A0876E24-C2C9-4D3D-928B-1320C440E35F}"
EndProject
Global
	GlobalSection(SolutionConfigurationPlatforms) = preSolution
		Debug|x64 = Debug|x64
		Debug|x86 = Debug|x86
		Release|x64 = Release|x64
		Release|x86 = Release|x86
	EndGlobalSection
	GlobalSection(ProjectConfigurationPlatforms) = postSolution
		{A0876E24-C2C9-4D3D-928B-1320C440E35F}.Debug|x64.ActiveCfg = Debug|x64
		{A0876E24-C2C9-4D3D-928B-1320C440E35F}.Debug|x64.Build.0 = Debug|x64
		{A0876E24-C2C9-4D3D-928B-1320C440E35F}.Debug|x86.ActiveCfg = Debug|Win32
		{A0876E24-C2C9-4D3D-928B-1320C440E35F}.Debug|x86.Build.0 = Debug|Win32
		{A0876E24-C2C9-4D3D-928B-1320C440E35F}.Release|x64.ActiveCfg = Release|x64
		{A0876E24-C2C9-4D3D-928B-1320C440E35F}.Release|x64.Build.0 = Release|x64
		{A0876E24-C2C9-4D3D-928B-1320C440E35F}.Release|x86.ActiveCfg = Release|Win32
		{A0876E24-C2C9-4D3D-928B-1320C440E35F}.Release|x86.Build.0 = Release|Win32
	EndGlobalSection
	GlobalSection(SolutionProperties) = preSolution
		HideSolutionNode = FALSE
	EndGlobalSection
	GlobalSection(ExtensibilityGlobals) = postSolution
		SolutionGuid = {3D8E734F-5DB9-4426-BE22-27CE6178752F}
	EndGlobalSection
EndGlobal
